
Microsoft Visual Studio Solution File, Format Version 12.00
# Visual Studio 2013
VisualStudioVersion = 12.0.21005.1
MinimumVisualStudioVersion = 10.0.40219.1
Project("{FAE04EC0-301F-11D3-BF4B-00C04F79EFBC}") = "AdoDotNetTest", "AdoDotNetTest\AdoDotNetTest.csproj", "{249D0D55-5AA7-4009-9B51-82C4FC27FFAA}"
EndProject
Global
	GlobalSection(SolutionConfigurationPlatforms) = preSolution
		Debug|Any CPU = Debug|Any CPU
		Release|Any CPU = Release|Any CPU
	EndGlobalSection
	GlobalSection(ProjectConfigurationPlatforms) = postSolution
		{249D0D55-5AA7-4009-9B51-82C4FC27FFAA}.Debug|Any CPU.ActiveCfg = Debug|Any CPU
		{249D0D55-5AA7-4009-9B51-82C4FC27FFAA}.Debug|Any CPU.Build.0 = Debug|Any CPU
		{249D0D55-5AA7-4009-9B51-82C4FC27FFAA}.Release|Any CPU.ActiveCfg = Release|Any CPU
		{249D0D55-5AA7-4009-9B51-82C4FC27FFAA}.Release|Any CPU.Build.0 = Release|Any CPU
	EndGlobalSection
	GlobalSection(SolutionProperties) = preSolution
		HideSolutionNode = FALSE
	EndGlobalSection
EndGlobal
